// !$*UTF8*$!
{
	archiveVersion = 1;
	classes = {
	};
	objectVersion = 50;
	objects = {

/* Begin PBXBuildFile section */
		7820B51523AE7433003B0DAA /* AppDelegate.swift in Sources */ = {isa = PBXBuildFile; fileRef = 7820B51423AE7433003B0DAA /* AppDelegate.swift */; };
		7820B51723AE7433003B0DAA /* MainController.swift in Sources */ = {isa = PBXBuildFile; fileRef = 7820B51623AE7433003B0DAA /* MainController.swift */; };
		7820B51A23AE7433003B0DAA /* Main.storyboard in Resources */ = {isa = PBXBuildFile; fileRef = 7820B51823AE7433003B0DAA /* Main.storyboard */; };
		7820B51C23AE7433003B0DAA /* Assets.xcassets in Resources */ = {isa = PBXBuildFile; fileRef = 7820B51B23AE7433003B0DAA /* Assets.xcassets */; };
		7820B51F23AE7433003B0DAA /* LaunchScreen.storyboard in Resources */ = {isa = PBXBuildFile; fileRef = 7820B51D23AE7433003B0DAA /* LaunchScreen.storyboard */; };
		7820B52F23AE74D5003B0DAA /* BaseNavigationController.swift in Sources */ = {isa = PBXBuildFile; fileRef = 7820B52E23AE74D5003B0DAA /* BaseNavigationController.swift */; };
		7820B53123AE74E0003B0DAA /* BaseViewController.swift in Sources */ = {isa = PBXBuildFile; fileRef = 7820B53023AE74E0003B0DAA /* BaseViewController.swift */; };
		7820B53323AE74F0003B0DAA /* BaseTableViewController.swift in Sources */ = {isa = PBXBuildFile; fileRef = 7820B53223AE74F0003B0DAA /* BaseTableViewController.swift */; };
		7820B53523AE7580003B0DAA /* UIKitExtensions.swift in Sources */ = {isa = PBXBuildFile; fileRef = 7820B53423AE7580003B0DAA /* UIKitExtensions.swift */; };
		7820B53723AE7593003B0DAA /* FoundationExtensions.swift in Sources */ = {isa = PBXBuildFile; fileRef = 7820B53623AE7593003B0DAA /* FoundationExtensions.swift */; };
		7820B53923AE77DA003B0DAA /* MapKitExtensions.swift in Sources */ = {isa = PBXBuildFile; fileRef = 7820B53823AE77DA003B0DAA /* MapKitExtensions.swift */; };
		788B5E1823AF724D00CABDEF /* CenterController.swift in Sources */ = {isa = PBXBuildFile; fileRef = 788B5E1723AF724D00CABDEF /* CenterController.swift */; };
		788B5E1A23AF725E00CABDEF /* MenuController.swift in Sources */ = {isa = PBXBuildFile; fileRef = 788B5E1923AF725E00CABDEF /* MenuController.swift */; };
		788B5E1C23AF792E00CABDEF /* CanvassController.swift in Sources */ = {isa = PBXBuildFile; fileRef = 788B5E1B23AF792E00CABDEF /* CanvassController.swift */; };
		788B5E1E23AF796300CABDEF /* VoteController.swift in Sources */ = {isa = PBXBuildFile; fileRef = 788B5E1D23AF796300CABDEF /* VoteController.swift */; };
		788B5E2023AF836D00CABDEF /* MenuHeaderCell.swift in Sources */ = {isa = PBXBuildFile; fileRef = 788B5E1F23AF836D00CABDEF /* MenuHeaderCell.swift */; };
		788B5E2223AF919A00CABDEF /* MenuCell.swift in Sources */ = {isa = PBXBuildFile; fileRef = 788B5E2123AF919A00CABDEF /* MenuCell.swift */; };
		788B5E2923AF9CDF00CABDEF /* absentee.html in Resources */ = {isa = PBXBuildFile; fileRef = 788B5E2423AF9CDF00CABDEF /* absentee.html */; };
		788B5E2A23AF9CDF00CABDEF /* register.html in Resources */ = {isa = PBXBuildFile; fileRef = 788B5E2523AF9CDF00CABDEF /* register.html */; };
		788B5E2B23AF9CDF00CABDEF /* votepledge.html in Resources */ = {isa = PBXBuildFile; fileRef = 788B5E2623AF9CDF00CABDEF /* votepledge.html */; };
		788B5E2C23AF9CDF00CABDEF /* votereminder.html in Resources */ = {isa = PBXBuildFile; fileRef = 788B5E2723AF9CDF00CABDEF /* votereminder.html */; };
		788B5E2D23AF9CDF00CABDEF /* checkregistration.html in Resources */ = {isa = PBXBuildFile; fileRef = 788B5E2823AF9CDF00CABDEF /* checkregistration.html */; };
		788B5E2F23AFA47200CABDEF /* MenuManager.swift in Sources */ = {isa = PBXBuildFile; fileRef = 788B5E2E23AFA47200CABDEF /* MenuManager.swift */; };
		788B5E3323B1ABB600CABDEF /* RouteManager.swift in Sources */ = {isa = PBXBuildFile; fileRef = 788B5E3223B1ABB600CABDEF /* RouteManager.swift */; };
		788B5E3523B1AC2000CABDEF /* Location.swift in Sources */ = {isa = PBXBuildFile; fileRef = 788B5E3423B1AC2000CABDEF /* Location.swift */; };
		788B5E3723B323D200CABDEF /* AddressCell.swift in Sources */ = {isa = PBXBuildFile; fileRef = 788B5E3623B323D200CABDEF /* AddressCell.swift */; };
		788B5E3923B3249200CABDEF /* AddressListController.swift in Sources */ = {isa = PBXBuildFile; fileRef = 788B5E3823B3249200CABDEF /* AddressListController.swift */; };
		788B5E3B23B32CDF00CABDEF /* AlertView.swift in Sources */ = {isa = PBXBuildFile; fileRef = 788B5E3A23B32CDF00CABDEF /* AlertView.swift */; };
		788B5E3D23B32D0B00CABDEF /* AlertView.xib in Resources */ = {isa = PBXBuildFile; fileRef = 788B5E3C23B32D0B00CABDEF /* AlertView.xib */; };
/* End PBXBuildFile section */

/* Begin PBXFileReference section */
		7820B51123AE7433003B0DAA /* Crusade.app */ = {isa = PBXFileReference; explicitFileType = wrapper.application; includeInIndex = 0; path = Crusade.app; sourceTree = BUILT_PRODUCTS_DIR; };
		7820B51423AE7433003B0DAA /* AppDelegate.swift */ = {isa = PBXFileReference; lastKnownFileType = sourcecode.swift; path = AppDelegate.swift; sourceTree = "<group>"; };
		7820B51623AE7433003B0DAA /* MainController.swift */ = {isa = PBXFileReference; lastKnownFileType = sourcecode.swift; path = MainController.swift; sourceTree = "<group>"; };
		7820B51923AE7433003B0DAA /* Base */ = {isa = PBXFileReference; lastKnownFileType = file.storyboard; name = Base; path = Base.lproj/Main.storyboard; sourceTree = "<group>"; };
		7820B51B23AE7433003B0DAA /* Assets.xcassets */ = {isa = PBXFileReference; lastKnownFileType = folder.assetcatalog; path = Assets.xcassets; sourceTree = "<group>"; };
		7820B51E23AE7433003B0DAA /* Base */ = {isa = PBXFileReference; lastKnownFileType = file.storyboard; name = Base; path = Base.lproj/LaunchScreen.storyboard; sourceTree = "<group>"; };
		7820B52023AE7433003B0DAA /* Info.plist */ = {isa = PBXFileReference; lastKnownFileType = text.plist.xml; path = Info.plist; sourceTree = "<group>"; };
		7820B52E23AE74D5003B0DAA /* BaseNavigationController.swift */ = {isa = PBXFileReference; lastKnownFileType = sourcecode.swift; path = BaseNavigationController.swift; sourceTree = "<group>"; };
		7820B53023AE74E0003B0DAA /* BaseViewController.swift */ = {isa = PBXFileReference; lastKnownFileType = sourcecode.swift; path = BaseViewController.swift; sourceTree = "<group>"; };
		7820B53223AE74F0003B0DAA /* BaseTableViewController.swift */ = {isa = PBXFileReference; lastKnownFileType = sourcecode.swift; path = BaseTableViewController.swift; sourceTree = "<group>"; };
		7820B53423AE7580003B0DAA /* UIKitExtensions.swift */ = {isa = PBXFileReference; lastKnownFileType = sourcecode.swift; path = UIKitExtensions.swift; sourceTree = "<group>"; };
		7820B53623AE7593003B0DAA /* FoundationExtensions.swift */ = {isa = PBXFileReference; lastKnownFileType = sourcecode.swift; path = FoundationExtensions.swift; sourceTree = "<group>"; };
		7820B53823AE77DA003B0DAA /* MapKitExtensions.swift */ = {isa = PBXFileReference; lastKnownFileType = sourcecode.swift; path = MapKitExtensions.swift; sourceTree = "<group>"; };
		788B5E1723AF724D00CABDEF /* CenterController.swift */ = {isa = PBXFileReference; lastKnownFileType = sourcecode.swift; path = CenterController.swift; sourceTree = "<group>"; };
		788B5E1923AF725E00CABDEF /* MenuController.swift */ = {isa = PBXFileReference; lastKnownFileType = sourcecode.swift; path = MenuController.swift; sourceTree = "<group>"; };
		788B5E1B23AF792E00CABDEF /* CanvassController.swift */ = {isa = PBXFileReference; lastKnownFileType = sourcecode.swift; path = CanvassController.swift; sourceTree = "<group>"; };
		788B5E1D23AF796300CABDEF /* VoteController.swift */ = {isa = PBXFileReference; lastKnownFileType = sourcecode.swift; path = VoteController.swift; sourceTree = "<group>"; };
		788B5E1F23AF836D00CABDEF /* MenuHeaderCell.swift */ = {isa = PBXFileReference; lastKnownFileType = sourcecode.swift; path = MenuHeaderCell.swift; sourceTree = "<group>"; };
		788B5E2123AF919A00CABDEF /* MenuCell.swift */ = {isa = PBXFileReference; lastKnownFileType = sourcecode.swift; path = MenuCell.swift; sourceTree = "<group>"; };
		788B5E2423AF9CDF00CABDEF /* absentee.html */ = {isa = PBXFileReference; fileEncoding = 4; lastKnownFileType = text.html; path = absentee.html; sourceTree = "<group>"; };
		788B5E2523AF9CDF00CABDEF /* register.html */ = {isa = PBXFileReference; fileEncoding = 4; lastKnownFileType = text.html; path = register.html; sourceTree = "<group>"; };
		788B5E2623AF9CDF00CABDEF /* votepledge.html */ = {isa = PBXFileReference; fileEncoding = 4; lastKnownFileType = text.html; path = votepledge.html; sourceTree = "<group>"; };
		788B5E2723AF9CDF00CABDEF /* votereminder.html */ = {isa = PBXFileReference; fileEncoding = 4; lastKnownFileType = text.html; path = votereminder.html; sourceTree = "<group>"; };
		788B5E2823AF9CDF00CABDEF /* checkregistration.html */ = {isa = PBXFileReference; fileEncoding = 4; lastKnownFileType = text.html; path = checkregistration.html; sourceTree = "<group>"; };
		788B5E2E23AFA47200CABDEF /* MenuManager.swift */ = {isa = PBXFileReference; lastKnownFileType = sourcecode.swift; path = MenuManager.swift; sourceTree = "<group>"; };
		788B5E3223B1ABB600CABDEF /* RouteManager.swift */ = {isa = PBXFileReference; lastKnownFileType = sourcecode.swift; path = RouteManager.swift; sourceTree = "<group>"; };
		788B5E3423B1AC2000CABDEF /* Location.swift */ = {isa = PBXFileReference; lastKnownFileType = sourcecode.swift; path = Location.swift; sourceTree = "<group>"; };
		788B5E3623B323D200CABDEF /* AddressCell.swift */ = {isa = PBXFileReference; lastKnownFileType = sourcecode.swift; path = AddressCell.swift; sourceTree = "<group>"; };
		788B5E3823B3249200CABDEF /* AddressListController.swift */ = {isa = PBXFileReference; lastKnownFileType = sourcecode.swift; path = AddressListController.swift; sourceTree = "<group>"; };
		788B5E3A23B32CDF00CABDEF /* AlertView.swift */ = {isa = PBXFileReference; lastKnownFileType = sourcecode.swift; path = AlertView.swift; sourceTree = "<group>"; };
		788B5E3C23B32D0B00CABDEF /* AlertView.xib */ = {isa = PBXFileReference; lastKnownFileType = file.xib; path = AlertView.xib; sourceTree = "<group>"; };
/* End PBXFileReference section */

/* Begin PBXFrameworksBuildPhase section */
		7820B50E23AE7433003B0DAA /* Frameworks */ = {
			isa = PBXFrameworksBuildPhase;
			buildActionMask = 2147483647;
			files = (
			);
			runOnlyForDeploymentPostprocessing = 0;
		};
/* End PBXFrameworksBuildPhase section */

/* Begin PBXGroup section */
		7820B50823AE7433003B0DAA = {
			isa = PBXGroup;
			children = (
				7820B51323AE7433003B0DAA /* Crusade */,
				7820B51223AE7433003B0DAA /* Products */,
			);
			sourceTree = "<group>";
		};
		7820B51223AE7433003B0DAA /* Products */ = {
			isa = PBXGroup;
			children = (
				7820B51123AE7433003B0DAA /* Crusade.app */,
			);
			name = Products;
			sourceTree = "<group>";
		};
		7820B51323AE7433003B0DAA /* Crusade */ = {
			isa = PBXGroup;
			children = (
				7820B52723AE7456003B0DAA /* App */,
				7820B52623AE744B003B0DAA /* Resources */,
			);
			path = Crusade;
			sourceTree = "<group>";
		};
		7820B52623AE744B003B0DAA /* Resources */ = {
			isa = PBXGroup;
			children = (
				788B5E2323AF9CC100CABDEF /* HTML */,
				7820B51B23AE7433003B0DAA /* Assets.xcassets */,
				7820B51D23AE7433003B0DAA /* LaunchScreen.storyboard */,
				7820B52023AE7433003B0DAA /* Info.plist */,
			);
			name = Resources;
			sourceTree = "<group>";
		};
		7820B52723AE7456003B0DAA /* App */ = {
			isa = PBXGroup;
			children = (
				7820B52C23AE747C003B0DAA /* AppDelegate */,
				7820B52B23AE7473003B0DAA /* ViewControllers */,
				7820B52A23AE746D003B0DAA /* Data */,
				7820B52923AE7468003B0DAA /* Views */,
				7820B52823AE745B003B0DAA /* Extensions */,
			);
			name = App;
			sourceTree = "<group>";
		};
		7820B52823AE745B003B0DAA /* Extensions */ = {
			isa = PBXGroup;
			children = (
				7820B53423AE7580003B0DAA /* UIKitExtensions.swift */,
				7820B53623AE7593003B0DAA /* FoundationExtensions.swift */,
				7820B53823AE77DA003B0DAA /* MapKitExtensions.swift */,
			);
			name = Extensions;
			sourceTree = "<group>";
		};
		7820B52923AE7468003B0DAA /* Views */ = {
			isa = PBXGroup;
			children = (
				788B5E1F23AF836D00CABDEF /* MenuHeaderCell.swift */,
				788B5E2123AF919A00CABDEF /* MenuCell.swift */,
				788B5E3623B323D200CABDEF /* AddressCell.swift */,
				788B5E3A23B32CDF00CABDEF /* AlertView.swift */,
				788B5E3C23B32D0B00CABDEF /* AlertView.xib */,
			);
			name = Views;
			sourceTree = "<group>";
		};
		7820B52A23AE746D003B0DAA /* Data */ = {
			isa = PBXGroup;
			children = (
				788B5E2E23AFA47200CABDEF /* MenuManager.swift */,
				788B5E3223B1ABB600CABDEF /* RouteManager.swift */,
				788B5E3423B1AC2000CABDEF /* Location.swift */,
			);
			name = Data;
			sourceTree = "<group>";
		};
		7820B52B23AE7473003B0DAA /* ViewControllers */ = {
			isa = PBXGroup;
			children = (
				7820B52D23AE74BE003B0DAA /* BaseViewControllers */,
				7820B51823AE7433003B0DAA /* Main.storyboard */,
				7820B51623AE7433003B0DAA /* MainController.swift */,
				788B5E1723AF724D00CABDEF /* CenterController.swift */,
				788B5E1923AF725E00CABDEF /* MenuController.swift */,
				788B5E1D23AF796300CABDEF /* VoteController.swift */,
				788B5E1B23AF792E00CABDEF /* CanvassController.swift */,
				788B5E3823B3249200CABDEF /* AddressListController.swift */,
			);
			name = ViewControllers;
			sourceTree = "<group>";
		};
		7820B52C23AE747C003B0DAA /* AppDelegate */ = {
			isa = PBXGroup;
			children = (
				7820B51423AE7433003B0DAA /* AppDelegate.swift */,
			);
			name = AppDelegate;
			sourceTree = "<group>";
		};
		7820B52D23AE74BE003B0DAA /* BaseViewControllers */ = {
			isa = PBXGroup;
			children = (
				7820B52E23AE74D5003B0DAA /* BaseNavigationController.swift */,
				7820B53023AE74E0003B0DAA /* BaseViewController.swift */,
				7820B53223AE74F0003B0DAA /* BaseTableViewController.swift */,
			);
			name = BaseViewControllers;
			sourceTree = "<group>";
		};
		788B5E2323AF9CC100CABDEF /* HTML */ = {
			isa = PBXGroup;
			children = (
				788B5E2423AF9CDF00CABDEF /* absentee.html */,
				788B5E2823AF9CDF00CABDEF /* checkregistration.html */,
				788B5E2523AF9CDF00CABDEF /* register.html */,
				788B5E2623AF9CDF00CABDEF /* votepledge.html */,
				788B5E2723AF9CDF00CABDEF /* votereminder.html */,
			);
			name = HTML;
			sourceTree = "<group>";
		};
/* End PBXGroup section */

/* Begin PBXNativeTarget section */
		7820B51023AE7433003B0DAA /* Crusade */ = {
			isa = PBXNativeTarget;
			buildConfigurationList = 7820B52323AE7433003B0DAA /* Build configuration list for PBXNativeTarget "Crusade" */;
			buildPhases = (
				7820B50D23AE7433003B0DAA /* Sources */,
				7820B50E23AE7433003B0DAA /* Frameworks */,
				7820B50F23AE7433003B0DAA /* Resources */,
			);
			buildRules = (
			);
			dependencies = (
			);
			name = Crusade;
			productName = Crusade;
			productReference = 7820B51123AE7433003B0DAA /* Crusade.app */;
			productType = "com.apple.product-type.application";
		};
/* End PBXNativeTarget section */

/* Begin PBXProject section */
		7820B50923AE7433003B0DAA /* Project object */ = {
			isa = PBXProject;
			attributes = {
				LastSwiftUpdateCheck = 1030;
				LastUpgradeCheck = 1030;
				ORGANIZATIONNAME = Zigabytes;
				TargetAttributes = {
					7820B51023AE7433003B0DAA = {
						CreatedOnToolsVersion = 10.3;
					};
				};
			};
			buildConfigurationList = 7820B50C23AE7433003B0DAA /* Build configuration list for PBXProject "Crusade" */;
			compatibilityVersion = "Xcode 9.3";
			developmentRegion = en;
			hasScannedForEncodings = 0;
			knownRegions = (
				en,
				Base,
			);
			mainGroup = 7820B50823AE7433003B0DAA;
			productRefGroup = 7820B51223AE7433003B0DAA /* Products */;
			projectDirPath = "";
			projectRoot = "";
			targets = (
				7820B51023AE7433003B0DAA /* Crusade */,
			);
		};
/* End PBXProject section */

/* Begin PBXResourcesBuildPhase section */
		7820B50F23AE7433003B0DAA /* Resources */ = {
			isa = PBXResourcesBuildPhase;
			buildActionMask = 2147483647;
			files = (
				788B5E3D23B32D0B00CABDEF /* AlertView.xib in Resources */,
				788B5E2A23AF9CDF00CABDEF /* register.html in Resources */,
				788B5E2C23AF9CDF00CABDEF /* votereminder.html in Resources */,
				788B5E2D23AF9CDF00CABDEF /* checkregistration.html in Resources */,
				7820B51F23AE7433003B0DAA /* LaunchScreen.storyboard in Resources */,
				7820B51C23AE7433003B0DAA /* Assets.xcassets in Resources */,
				788B5E2B23AF9CDF00CABDEF /* votepledge.html in Resources */,
				7820B51A23AE7433003B0DAA /* Main.storyboard in Resources */,
				788B5E2923AF9CDF00CABDEF /* absentee.html in Resources */,
			);
			runOnlyForDeploymentPostprocessing = 0;
		};
/* End PBXResourcesBuildPhase section */

/* Begin PBXSourcesBuildPhase section */
		7820B50D23AE7433003B0DAA /* Sources */ = {
			isa = PBXSourcesBuildPhase;
			buildActionMask = 2147483647;
			files = (
				788B5E2F23AFA47200CABDEF /* MenuManager.swift in Sources */,
				788B5E2223AF919A00CABDEF /* MenuCell.swift in Sources */,
				788B5E1A23AF725E00CABDEF /* MenuController.swift in Sources */,
				788B5E2023AF836D00CABDEF /* MenuHeaderCell.swift in Sources */,
				7820B53723AE7593003B0DAA /* FoundationExtensions.swift in Sources */,
				788B5E3B23B32CDF00CABDEF /* AlertView.swift in Sources */,
				788B5E3523B1AC2000CABDEF /* Location.swift in Sources */,
				788B5E1C23AF792E00CABDEF /* CanvassController.swift in Sources */,
				7820B51723AE7433003B0DAA /* MainController.swift in Sources */,
				788B5E3323B1ABB600CABDEF /* RouteManager.swift in Sources */,
				7820B53123AE74E0003B0DAA /* BaseViewController.swift in Sources */,
				788B5E3723B323D200CABDEF /* AddressCell.swift in Sources */,
				7820B53523AE7580003B0DAA /* UIKitExtensions.swift in Sources */,
				7820B53923AE77DA003B0DAA /* MapKitExtensions.swift in Sources */,
				7820B53323AE74F0003B0DAA /* BaseTableViewController.swift in Sources */,
				7820B51523AE7433003B0DAA /* AppDelegate.swift in Sources */,
				788B5E1E23AF796300CABDEF /* VoteController.swift in Sources */,
				7820B52F23AE74D5003B0DAA /* BaseNavigationController.swift in Sources */,
				788B5E1823AF724D00CABDEF /* CenterController.swift in Sources */,
				788B5E3923B3249200CABDEF /* AddressListController.swift in Sources */,
			);
			runOnlyForDeploymentPostprocessing = 0;
		};
/* End PBXSourcesBuildPhase section */

/* Begin PBXVariantGroup section */
		7820B51823AE7433003B0DAA /* Main.storyboard */ = {
			isa = PBXVariantGroup;
			children = (
				7820B51923AE7433003B0DAA /* Base */,
			);
			name = Main.storyboard;
			sourceTree = "<group>";
		};
		7820B51D23AE7433003B0DAA /* LaunchScreen.storyboard */ = {
			isa = PBXVariantGroup;
			children = (
				7820B51E23AE7433003B0DAA /* Base */,
			);
			name = LaunchScreen.storyboard;
			sourceTree = "<group>";
		};
/* End PBXVariantGroup section */

/* Begin XCBuildConfiguration section */
		7820B52123AE7433003B0DAA /* Debug */ = {
			isa = XCBuildConfiguration;
			buildSettings = {
				ALWAYS_SEARCH_USER_PATHS = NO;
				CLANG_ANALYZER_NONNULL = YES;
				CLANG_ANALYZER_NUMBER_OBJECT_CONVERSION = YES_AGGRESSIVE;
				CLANG_CXX_LANGUAGE_STANDARD = "gnu++14";
				CLANG_CXX_LIBRARY = "libc++";
				CLANG_ENABLE_MODULES = YES;
				CLANG_ENABLE_OBJC_ARC = YES;
				CLANG_ENABLE_OBJC_WEAK = YES;
				CLANG_WARN_BLOCK_CAPTURE_AUTORELEASING = YES;
				CLANG_WARN_BOOL_CONVERSION = YES;
				CLANG_WARN_COMMA = YES;
				CLANG_WARN_CONSTANT_CONVERSION = YES;
				CLANG_WARN_DEPRECATED_OBJC_IMPLEMENTATIONS = YES;
				CLANG_WARN_DIRECT_OBJC_ISA_USAGE = YES_ERROR;
				CLANG_WARN_DOCUMENTATION_COMMENTS = YES;
				CLANG_WARN_EMPTY_BODY = YES;
				CLANG_WARN_ENUM_CONVERSION = YES;
				CLANG_WARN_INFINITE_RECURSION = YES;
				CLANG_WARN_INT_CONVERSION = YES;
				CLANG_WARN_NON_LITERAL_NULL_CONVERSION = YES;
				CLANG_WARN_OBJC_IMPLICIT_RETAIN_SELF = YES;
				CLANG_WARN_OBJC_LITERAL_CONVERSION = YES;
				CLANG_WARN_OBJC_ROOT_CLASS = YES_ERROR;
				CLANG_WARN_RANGE_LOOP_ANALYSIS = YES;
				CLANG_WARN_STRICT_PROTOTYPES = YES;
				CLANG_WARN_SUSPICIOUS_MOVE = YES;
				CLANG_WARN_UNGUARDED_AVAILABILITY = YES_AGGRESSIVE;
				CLANG_WARN_UNREACHABLE_CODE = YES;
				CLANG_WARN__DUPLICATE_METHOD_MATCH = YES;
				CODE_SIGN_IDENTITY = "iPhone Developer";
				COPY_PHASE_STRIP = NO;
				DEBUG_INFORMATION_FORMAT = dwarf;
				ENABLE_STRICT_OBJC_MSGSEND = YES;
				ENABLE_TESTABILITY = YES;
				GCC_C_LANGUAGE_STANDARD = gnu11;
				GCC_DYNAMIC_NO_PIC = NO;
				GCC_NO_COMMON_BLOCKS = YES;
				GCC_OPTIMIZATION_LEVEL = 0;
				GCC_PREPROCESSOR_DEFINITIONS = (
					"DEBUG=1",
					"$(inherited)",
				);
				GCC_WARN_64_TO_32_BIT_CONVERSION = YES;
				GCC_WARN_ABOUT_RETURN_TYPE = YES_ERROR;
				GCC_WARN_UNDECLARED_SELECTOR = YES;
				GCC_WARN_UNINITIALIZED_AUTOS = YES_AGGRESSIVE;
				GCC_WARN_UNUSED_FUNCTION = YES;
				GCC_WARN_UNUSED_VARIABLE = YES;
				IPHONEOS_DEPLOYMENT_TARGET = 12.4;
				MTL_ENABLE_DEBUG_INFO = INCLUDE_SOURCE;
				MTL_FAST_MATH = YES;
				ONLY_ACTIVE_ARCH = YES;
				SDKROOT = iphoneos;
				SWIFT_ACTIVE_COMPILATION_CONDITIONS = DEBUG;
				SWIFT_OPTIMIZATION_LEVEL = "-Onone";
			};
			name = Debug;
		};
		7820B52223AE7433003B0DAA /* Release */ = {
			isa = XCBuildConfiguration;
			buildSettings = {
				ALWAYS_SEARCH_USER_PATHS = NO;
				CLANG_ANALYZER_NONNULL = YES;
				CLANG_ANALYZER_NUMBER_OBJECT_CONVERSION = YES_AGGRESSIVE;
				CLANG_CXX_LANGUAGE_STANDARD = "gnu++14";
				CLANG_CXX_LIBRARY = "libc++";
				CLANG_ENABLE_MODULES = YES;
				CLANG_ENABLE_OBJC_ARC = YES;
				CLANG_ENABLE_OBJC_WEAK = YES;
				CLANG_WARN_BLOCK_CAPTURE_AUTORELEASING = YES;
				CLANG_WARN_BOOL_CONVERSION = YES;
				CLANG_WARN_COMMA = YES;
				CLANG_WARN_CONSTANT_CONVERSION = YES;
				CLANG_WARN_DEPRECATED_OBJC_IMPLEMENTATIONS = YES;
				CLANG_WARN_DIRECT_OBJC_ISA_USAGE = YES_ERROR;
				CLANG_WARN_DOCUMENTATION_COMMENTS = YES;
				CLANG_WARN_EMPTY_BODY = YES;
				CLANG_WARN_ENUM_CONVERSION = YES;
				CLANG_WARN_INFINITE_RECURSION = YES;
				CLANG_WARN_INT_CONVERSION = YES;
				CLANG_WARN_NON_LITERAL_NULL_CONVERSION = YES;
				CLANG_WARN_OBJC_IMPLICIT_RETAIN_SELF = YES;
				CLANG_WARN_OBJC_LITERAL_CONVERSION = YES;
				CLANG_WARN_OBJC_ROOT_CLASS = YES_ERROR;
				CLANG_WARN_RANGE_LOOP_ANALYSIS = YES;
				CLANG_WARN_STRICT_PROTOTYPES = YES;
				CLANG_WARN_SUSPICIOUS_MOVE = YES;
				CLANG_WARN_UNGUARDED_AVAILABILITY = YES_AGGRESSIVE;
				CLANG_WARN_UNREACHABLE_CODE = YES;
				CLANG_WARN__DUPLICATE_METHOD_MATCH = YES;
				CODE_SIGN_IDENTITY = "iPhone Developer";
				COPY_PHASE_STRIP = NO;
				DEBUG_INFORMATION_FORMAT = "dwarf-with-dsym";
				ENABLE_NS_ASSERTIONS = NO;
				ENABLE_STRICT_OBJC_MSGSEND = YES;
				GCC_C_LANGUAGE_STANDARD = gnu11;
				GCC_NO_COMMON_BLOCKS = YES;
				GCC_WARN_64_TO_32_BIT_CONVERSION = YES;
				GCC_WARN_ABOUT_RETURN_TYPE = YES_ERROR;
				GCC_WARN_UNDECLARED_SELECTOR = YES;
				GCC_WARN_UNINITIALIZED_AUTOS = YES_AGGRESSIVE;
				GCC_WARN_UNUSED_FUNCTION = YES;
				GCC_WARN_UNUSED_VARIABLE = YES;
				IPHONEOS_DEPLOYMENT_TARGET = 12.4;
				MTL_ENABLE_DEBUG_INFO = NO;
				MTL_FAST_MATH = YES;
				SDKROOT = iphoneos;
				SWIFT_COMPILATION_MODE = wholemodule;
				SWIFT_OPTIMIZATION_LEVEL = "-O";
				VALIDATE_PRODUCT = YES;
			};
			name = Release;
		};
		7820B52423AE7433003B0DAA /* Debug */ = {
			isa = XCBuildConfiguration;
			buildSettings = {
				ASSETCATALOG_COMPILER_APPICON_NAME = AppIcon;
				CODE_SIGN_STYLE = Automatic;
				DEVELOPMENT_TEAM = MJA8334VZT;
				INFOPLIST_FILE = Crusade/Info.plist;
				LD_RUNPATH_SEARCH_PATHS = (
					"$(inherited)",
					"@executable_path/Frameworks",
				);
				PRODUCT_BUNDLE_IDENTIFIER = com.zigabytes.Crusade.Crusade;
				PRODUCT_NAME = "$(TARGET_NAME)";
				SWIFT_VERSION = 5.0;
				TARGETED_DEVICE_FAMILY = 1;
			};
			name = Debug;
		};
		7820B52523AE7433003B0DAA /* Release */ = {
			isa = XCBuildConfiguration;
			buildSettings = {
				ASSETCATALOG_COMPILER_APPICON_NAME = AppIcon;
				CODE_SIGN_STYLE = Automatic;
				DEVELOPMENT_TEAM = MJA8334VZT;
				INFOPLIST_FILE = Crusade/Info.plist;
				LD_RUNPATH_SEARCH_PATHS = (
					"$(inherited)",
					"@executable_path/Frameworks",
				);
				PRODUCT_BUNDLE_IDENTIFIER = com.zigabytes.Crusade.Crusade;
				PRODUCT_NAME = "$(TARGET_NAME)";
				SWIFT_VERSION = 5.0;
				TARGETED_DEVICE_FAMILY = 1;
			};
			name = Release;
		};
/* End XCBuildConfiguration section */

/* Begin XCConfigurationList section */
		7820B50C23AE7433003B0DAA /* Build configuration list for PBXProject "Crusade" */ = {
			isa = XCConfigurationList;
			buildConfigurations = (
				7820B52123AE7433003B0DAA /* Debug */,
				7820B52223AE7433003B0DAA /* Release */,
			);
			defaultConfigurationIsVisible = 0;
			defaultConfigurationName = Release;
		};
		7820B52323AE7433003B0DAA /* Build configuration list for PBXNativeTarget "Crusade" */ = {
			isa = XCConfigurationList;
			buildConfigurations = (
				7820B52423AE7433003B0DAA /* Debug */,
				7820B52523AE7433003B0DAA /* Release */,
			);
			defaultConfigurationIsVisible = 0;
			defaultConfigurationName = Release;
		};
/* End XCConfigurationList section */
	};
	rootObject = 7820B50923AE7433003B0DAA /* Project object */;
}
